<?xml version="1.0" encoding="utf-8"?>
<Project ToolsVersion="4.0" xmlns="http://schemas.microsoft.com/developer/msbuild/2003">
  <ItemGroup>
    <Filter Include="Source Files">
      <UniqueIdentifier>{b75a367a-5450-4286-ae35-d0bf418c6e2c}</UniqueIdentifier>
      <Extensions>cpp;c;cxx;rc;def;r;odl;idl;hpj;bat</Extensions>
    </Filter>
    <Filter Include="Header Files">
      <UniqueIdentifier>{bc1fb9f1-a6f6-40c6-a240-45fac7be2fed}</UniqueIdentifier>
      <Extensions>h;hpp;hxx;hm;inl</Extensions>
    </Filter>
    <Filter Include="Resource Files">
      <UniqueIdentifier>{ede169d3-8c7a-46a3-be87-4d639e457cd3}</UniqueIdentifier>
      <Extensions>ico;cur;bmp;dlg;rc2;rct;bin;rgs;gif;jpg;jpeg;jpe</Extensions>
    </Filter>
  </ItemGroup>
  <ItemGroup>
    <ClCompile Include="ChessBoard.cpp">
      <Filter>Source Files</Filter>
    </ClCompile>
    <ClCompile Include="GameType.cpp">
      <Filter>Source Files</Filter>
    </ClCompile>
    <ClCompile Include="MainFrm.cpp">
      <Filter>Source Files</Filter>
    </ClCompile>
    <ClCompile Include="NetChess.cpp">
      <Filter>Source Files</Filter>
    </ClCompile>
    <ClCompile Include="NetChessDoc.cpp">
      <Filter>Source Files</Filter>
    </ClCompile>
    <ClCompile Include="NetChessView.cpp">
      <Filter>Source Files</Filter>
    </ClCompile>
    <ClCompile Include="StdAfx.cpp">
      <Filter>Source Files</Filter>
    </ClCompile>
  </ItemGroup>
  <ItemGroup>
    <ResourceCompile Include="NetChess.rc">
      <Filter>Source Files</Filter>
    </ResourceCompile>
  </ItemGroup>
  <ItemGroup>
    <ClInclude Include="ChessBoard.h">
      <Filter>Header Files</Filter>
    </ClInclude>
    <ClInclude Include="GameType.h">
      <Filter>Header Files</Filter>
    </ClInclude>
    <ClInclude Include="MainFrm.h">
      <Filter>Header Files</Filter>
    </ClInclude>
    <ClInclude Include="NetChess.h">
      <Filter>Header Files</Filter>
    </ClInclude>
    <ClInclude Include="NetChessDoc.h">
      <Filter>Header Files</Filter>
    </ClInclude>
    <ClInclude Include="NetChessView.h">
      <Filter>Header Files</Filter>
    </ClInclude>
    <ClInclude Include="Resource.h">
      <Filter>Header Files</Filter>
    </ClInclude>
    <ClInclude Include="StdAfx.h">
      <Filter>Header Files</Filter>
    </ClInclude>
  </ItemGroup>
  <ItemGroup>
    <Image Include="res\base.bmp">
      <Filter>Resource Files</Filter>
    </Image>
    <Image Include="Images\Dice.bmp">
      <Filter>Resource Files</Filter>
    </Image>
    <Image Include="Images\Dice1.bmp">
      <Filter>Resource Files</Filter>
    </Image>
    <Image Include="Images\Dice2.bmp">
      <Filter>Resource Files</Filter>
    </Image>
    <Image Include="Images\Dice3.bmp">
      <Filter>Resource Files</Filter>
    </Image>
    <Image Include="Images\Dice4.bmp">
      <Filter>Resource Files</Filter>
    </Image>
    <Image Include="Images\Dice5.bmp">
      <Filter>Resource Files</Filter>
    </Image>
    <Image Include="Images\Dice6.bmp">
      <Filter>Resource Files</Filter>
    </Image>
    <Image Include="res\icon1.ico">
      <Filter>Resource Files</Filter>
    </Image>
    <Image Include="res\LDAPExplorer.ico">
      <Filter>Resource Files</Filter>
    </Image>
    <Image Include="res\NetChess.ico">
      <Filter>Resource Files</Filter>
    </Image>
    <Image Include="res\NetChessDoc.ico">
      <Filter>Resource Files</Filter>
    </Image>
    <Image Include="Images\snakesandladders2.bmp">
      <Filter>Resource Files</Filter>
    </Image>
    <Image Include="res\Toolbar.bmp">
      <Filter>Resource Files</Filter>
    </Image>
  </ItemGroup>
  <ItemGroup>
    <None Include="res\NetChess.rc2">
      <Filter>Resource Files</Filter>
    </None>
    <None Include="NetChess.ini" />
  </ItemGroup>
  <ItemGroup>
    <Text Include="Changes.Log" />
    <Text Include="ReadMe.txt" />
  </ItemGroup>
</Project>