
Microsoft Visual Studio Solution File, Format Version 12.00
# Visual Studio Version 17
VisualStudioVersion = 17.7.34221.43
MinimumVisualStudioVersion = 10.0.40219.1
Project("{8BC9CEB8-8B4A-11D0-8D11-00A0C91BC942}") = "NetChess", "NetChess.vcxproj", "{57C89F2C-B7B8-431A-A47B-7C7B96E91889}"
EndProject
Global
	GlobalSection(SolutionConfigurationPlatforms) = preSolution
		Debug|Win32 = Debug|Win32
		Release|Win32 = Release|Win32
	EndGlobalSection
	GlobalSection(ProjectConfigurationPlatforms) = postSolution
		{57C89F2C-B7B8-431A-A47B-7C7B96E91889}.Debug|Win32.ActiveCfg = Debug|Win32
		{57C89F2C-B7B8-431A-A47B-7C7B96E91889}.Debug|Win32.Build.0 = Debug|Win32
		{57C89F2C-B7B8-431A-A47B-7C7B96E91889}.Release|Win32.ActiveCfg = Release|Win32
		{57C89F2C-B7B8-431A-A47B-7C7B96E91889}.Release|Win32.Build.0 = Release|Win32
	EndGlobalSection
	GlobalSection(SolutionProperties) = preSolution
		HideSolutionNode = FALSE
	EndGlobalSection
	GlobalSection(ExtensibilityGlobals) = postSolution
		SolutionGuid = {6F53400C-9A5B-460F-AF1C-7C13EBE88D7F}
	EndGlobalSection
EndGlobal
